
Microsoft Visual Studio Solution File, Format Version 12.00
# Visual Studio Version 16
VisualStudioVersion = 16.0.29609.76
MinimumVisualStudioVersion = 10.0.40219.1
Project("{FAE04EC0-301F-11D3-BF4B-00C04F79EFBC}") = "Testing.BLL", "Testing.BLL\Testing.BLL.csproj", "{273944AA-196A-413F-B713-4AF82023DD44}"
EndProject
Project("{FAE04EC0-301F-11D3-BF4B-00C04F79EFBC}") = "Testing.DAL", "Testing.DAL\Testing.DAL.csproj", "{C7E10540-8509-4A19-B295-CDE79540A498}"
EndProject
Project("{FAE04EC0-301F-11D3-BF4B-00C04F79EFBC}") = "Testing.UI", "Testing.UI\Testing.UI.csproj", "{2D6F7F3A-44CB-42F4-BC17-CDD5DE625BE4}"
EndProject
Project("{FAE04EC0-301F-11D3-BF4B-00C04F79EFBC}") = "Testing.UI.Tests", "Testing.UI.Tests\Testing.UI.Tests.csproj", "{F84A7F85-A2AC-4756-9559-5EE4FE521FB0}"
EndProject
Global
	GlobalSection(SolutionConfigurationPlatforms) = preSolution
		Debug|Any CPU = Debug|Any CPU
		Release|Any CPU = Release|Any CPU
	EndGlobalSection
	GlobalSection(ProjectConfigurationPlatforms) = postSolution
		{273944AA-196A-413F-B713-4AF82023DD44}.Debug|Any CPU.ActiveCfg = Debug|Any CPU
		{273944AA-196A-413F-B713-4AF82023DD44}.Debug|Any CPU.Build.0 = Debug|Any CPU
		{273944AA-196A-413F-B713-4AF82023DD44}.Release|Any CPU.ActiveCfg = Release|Any CPU
		{273944AA-196A-413F-B713-4AF82023DD44}.Release|Any CPU.Build.0 = Release|Any CPU
		{C7E10540-8509-4A19-B295-CDE79540A498}.Debug|Any CPU.ActiveCfg = Debug|Any CPU
		{C7E10540-8509-4A19-B295-CDE79540A498}.Debug|Any CPU.Build.0 = Debug|Any CPU
		{C7E10540-8509-4A19-B295-CDE79540A498}.Release|Any CPU.ActiveCfg = Release|Any CPU
		{C7E10540-8509-4A19-B295-CDE79540A498}.Release|Any CPU.Build.0 = Release|Any CPU
		{2D6F7F3A-44CB-42F4-BC17-CDD5DE625BE4}.Debug|Any CPU.ActiveCfg = Debug|Any CPU
		{2D6F7F3A-44CB-42F4-BC17-CDD5DE625BE4}.Debug|Any CPU.Build.0 = Debug|Any CPU
		{2D6F7F3A-44CB-42F4-BC17-CDD5DE625BE4}.Release|Any CPU.ActiveCfg = Release|Any CPU
		{2D6F7F3A-44CB-42F4-BC17-CDD5DE625BE4}.Release|Any CPU.Build.0 = Release|Any CPU
		{F84A7F85-A2AC-4756-9559-5EE4FE521FB0}.Debug|Any CPU.ActiveCfg = Debug|Any CPU
		{F84A7F85-A2AC-4756-9559-5EE4FE521FB0}.Debug|Any CPU.Build.0 = Debug|Any CPU
		{F84A7F85-A2AC-4756-9559-5EE4FE521FB0}.Release|Any CPU.ActiveCfg = Release|Any CPU
		{F84A7F85-A2AC-4756-9559-5EE4FE521FB0}.Release|Any CPU.Build.0 = Release|Any CPU
	EndGlobalSection
	GlobalSection(SolutionProperties) = preSolution
		HideSolutionNode = FALSE
	EndGlobalSection
	GlobalSection(ExtensibilityGlobals) = postSolution
		SolutionGuid = {3464B7A5-E129-4F63-A0B8-57944B809E44}
	EndGlobalSection
EndGlobal
